
Microsoft Visual Studio Solution File, Format Version 12.00
# Visual Studio Version 16
VisualStudioVersion = 16.0.29613.14
MinimumVisualStudioVersion = 10.0.40219.1
Project("{FAE04EC0-301F-11D3-BF4B-00C04F79EFBC}") = "SmartHunter", "SmartHunter\SmartHunter.csproj", "{F5F99CEF-1C16-48E6-A88B-1A66D3B53998}"
EndProject
Global
	GlobalSection(SolutionConfigurationPlatforms) = preSolution
		Debug|Any CPU = Debug|Any CPU
		Release|Any CPU = Release|Any CPU
	EndGlobalSection
	GlobalSection(ProjectConfigurationPlatforms) = postSolution
		{F5F99CEF-1C16-48E6-A88B-1A66D3B53998}.Debug|Any CPU.ActiveCfg = Debug|Any CPU
		{F5F99CEF-1C16-48E6-A88B-1A66D3B53998}.Debug|Any CPU.Build.0 = Debug|Any CPU
		{F5F99CEF-1C16-48E6-A88B-1A66D3B53998}.Release|Any CPU.ActiveCfg = Release|Any CPU
		{F5F99CEF-1C16-48E6-A88B-1A66D3B53998}.Release|Any CPU.Build.0 = Release|Any CPU
	EndGlobalSection
	GlobalSection(SolutionProperties) = preSolution
		HideSolutionNode = FALSE
	EndGlobalSection
	GlobalSection(ExtensibilityGlobals) = postSolution
		SolutionGuid = {A27E60A3-31A8-4F18-8D9E-30FA3B4CAF53}
	EndGlobalSection
EndGlobal
